
Microsoft Visual Studio Solution File, Format Version 12.00
# Visual Studio Version 17
VisualStudioVersion = 17.7.34031.279
MinimumVisualStudioVersion = 10.0.40219.1
Project("{9A19103F-16F7-4668-BE54-9A1E7A4F7556}") = "ihealth", "WebApplication3\ihealth.csproj", "{B19B1A96-3FF4-4696-9C95-F3666CBD1463}"
EndProject
Project("{FAE04EC0-301F-11D3-BF4B-00C04F79EFBC}") = "DataAccessLayer", "DataAccessLayer\DataAccessLayer.csproj", "{BD0B705F-A946-4BE9-85E7-8A575EE6A80B}"
EndProject
Project("{FAE04EC0-301F-11D3-BF4B-00C04F79EFBC}") = "BusinessLogicLayer", "BusinessLogicLayer\BusinessLogicLayer.csproj", "{03C070A2-29A5-484E-8194-10AA1D6F682C}"
EndProject
Project("{FAE04EC0-301F-11D3-BF4B-00C04F79EFBC}") = "EntityLayer", "EntitiyLayer\EntityLayer.csproj", "{7B7060F9-D85A-4311-8174-90AEDF5089DB}"
EndProject
Global
	GlobalSection(SolutionConfigurationPlatforms) = preSolution
		Debug|Any CPU = Debug|Any CPU
		Release|Any CPU = Release|Any CPU
	EndGlobalSection
	GlobalSection(ProjectConfigurationPlatforms) = postSolution
		{B19B1A96-3FF4-4696-9C95-F3666CBD1463}.Debug|Any CPU.ActiveCfg = Debug|Any CPU
		{B19B1A96-3FF4-4696-9C95-F3666CBD1463}.Debug|Any CPU.Build.0 = Debug|Any CPU
		{B19B1A96-3FF4-4696-9C95-F3666CBD1463}.Release|Any CPU.ActiveCfg = Release|Any CPU
		{B19B1A96-3FF4-4696-9C95-F3666CBD1463}.Release|Any CPU.Build.0 = Release|Any CPU
		{BD0B705F-A946-4BE9-85E7-8A575EE6A80B}.Debug|Any CPU.ActiveCfg = Debug|Any CPU
		{BD0B705F-A946-4BE9-85E7-8A575EE6A80B}.Debug|Any CPU.Build.0 = Debug|Any CPU
		{BD0B705F-A946-4BE9-85E7-8A575EE6A80B}.Release|Any CPU.ActiveCfg = Release|Any CPU
		{BD0B705F-A946-4BE9-85E7-8A575EE6A80B}.Release|Any CPU.Build.0 = Release|Any CPU
		{03C070A2-29A5-484E-8194-10AA1D6F682C}.Debug|Any CPU.ActiveCfg = Debug|Any CPU
		{03C070A2-29A5-484E-8194-10AA1D6F682C}.Debug|Any CPU.Build.0 = Debug|Any CPU
		{03C070A2-29A5-484E-8194-10AA1D6F682C}.Release|Any CPU.ActiveCfg = Release|Any CPU
		{03C070A2-29A5-484E-8194-10AA1D6F682C}.Release|Any CPU.Build.0 = Release|Any CPU
		{7B7060F9-D85A-4311-8174-90AEDF5089DB}.Debug|Any CPU.ActiveCfg = Debug|Any CPU
		{7B7060F9-D85A-4311-8174-90AEDF5089DB}.Debug|Any CPU.Build.0 = Debug|Any CPU
		{7B7060F9-D85A-4311-8174-90AEDF5089DB}.Release|Any CPU.ActiveCfg = Release|Any CPU
		{7B7060F9-D85A-4311-8174-90AEDF5089DB}.Release|Any CPU.Build.0 = Release|Any CPU
	EndGlobalSection
	GlobalSection(SolutionProperties) = preSolution
		HideSolutionNode = FALSE
	EndGlobalSection
	GlobalSection(ExtensibilityGlobals) = postSolution
		SolutionGuid = {2AABFBB5-C58D-487F-A8AB-391211B69883}
	EndGlobalSection
EndGlobal
